
Microsoft Visual Studio Solution File, Format Version 12.00
# Visual Studio Version 17
VisualStudioVersion = 17.3.32922.545
MinimumVisualStudioVersion = 10.0.40219.1
Project("{FAE04EC0-301F-11D3-BF4B-00C04F79EFBC}") = "GyakString", "GyakString\GyakString.csproj", "{38551131-A271-4EA2-86FD-9BA0C3E96BF7}"
EndProject
Global
	GlobalSection(SolutionConfigurationPlatforms) = preSolution
		Debug|Any CPU = Debug|Any CPU
		Release|Any CPU = Release|Any CPU
	EndGlobalSection
	GlobalSection(ProjectConfigurationPlatforms) = postSolution
		{38551131-A271-4EA2-86FD-9BA0C3E96BF7}.Debug|Any CPU.ActiveCfg = Debug|Any CPU
		{38551131-A271-4EA2-86FD-9BA0C3E96BF7}.Debug|Any CPU.Build.0 = Debug|Any CPU
		{38551131-A271-4EA2-86FD-9BA0C3E96BF7}.Release|Any CPU.ActiveCfg = Release|Any CPU
		{38551131-A271-4EA2-86FD-9BA0C3E96BF7}.Release|Any CPU.Build.0 = Release|Any CPU
	EndGlobalSection
	GlobalSection(SolutionProperties) = preSolution
		HideSolutionNode = FALSE
	EndGlobalSection
	GlobalSection(ExtensibilityGlobals) = postSolution
		SolutionGuid = {0AA3CC1A-D085-4142-BAF9-8EEAC93BA8F4}
	EndGlobalSection
EndGlobal
